# This file is automatically @generated by Cargo.
# It is not intended for manual editing.
version = 4

[[package]]
name = "algoc"
version = "0.1.0"

[[package]]
name = "colorc"
version = "0.1.0"

[[package]]
name = "filesc"
version = "0.1.0"
dependencies = [
 "algoc",
]

[[package]]
name = "macrosc"
version = "0.1.0"

[[package]]
name = "toolsc"
version = "0.1.0"
